<?xml version="1.0"?>
<plist version="1.0">
	<dict>
		<key>archiveVersion</key>
		<string>1</string>
		<key>classes</key>
		<dict />
		<key>objectVersion</key>
		<string>46</string>
		<key>objects</key>
		<dict>
			<key>5B0FE48863D3871258BA492A</key>
			<dict>
				<key>fileRef</key>
				<string>E2455E20511551F543FCEED6</string>
				<key>isa</key>
				<string>PBXBuildFile</string>
			</dict>
			<key>E2455E20511551F543FCEED6</key>
			<dict>
				<key>explicitFileType</key>
				<string>sourcecode.cpp.cpp</string>
				<key>fileEncoding</key>
				<string>30</string>
				<key>isa</key>
				<string>PBXFileReference</string>
				<key>name</key>
				<string>libs\tinyxmlparser.cpp</string>
				<key>path</key>
				<string>../../../addons\ofxXmlSettings/libs\tinyxmlparser.cpp</string>
				<key>sourceTree</key>
				<string>SOURCE_ROOT</string>
			</dict>
			<key>9D7A8EE0D7BC2B39ADA73720</key>
			<dict>
				<key>fileRef</key>
				<string>CD51C5DD10CF6554383C2081</string>
				<key>isa</key>
				<string>PBXBuildFile</string>
			</dict>
			<key>CD51C5DD10CF6554383C2081</key>
			<dict>
				<key>explicitFileType</key>
				<string>sourcecode.cpp.cpp</string>
				<key>fileEncoding</key>
				<string>30</string>
				<key>isa</key>
				<string>PBXFileReference</string>
				<key>name</key>
				<string>libs\tinyxmlerror.cpp</string>
				<key>path</key>
				<string>../../../addons\ofxXmlSettings/libs\tinyxmlerror.cpp</string>
				<key>sourceTree</key>
				<string>SOURCE_ROOT</string>
			</dict>
			<key>B99595311ED18DF41C0845C9</key>
			<dict>
				<key>explicitFileType</key>
				<string>sourcecode.c.h</string>
				<key>fileEncoding</key>
				<string>30</string>
				<key>isa</key>
				<string>PBXFileReference</string>
				<key>name</key>
				<string>libs\tinyxml.h</string>
				<key>path</key>
				<string>../../../addons\ofxXmlSettings/libs\tinyxml.h</string>
				<key>sourceTree</key>
				<string>SOURCE_ROOT</string>
			</dict>
			<key>75403AE3AE98C6D6271969CD</key>
			<dict>
				<key>fileRef</key>
				<string>564CC30509B9DD5DC2F1C505</string>
				<key>isa</key>
				<string>PBXBuildFile</string>
			</dict>
			<key>564CC30509B9DD5DC2F1C505</key>
			<dict>
				<key>explicitFileType</key>
				<string>sourcecode.cpp.cpp</string>
				<key>fileEncoding</key>
				<string>30</string>
				<key>isa</key>
				<string>PBXFileReference</string>
				<key>name</key>
				<string>libs\tinyxml.cpp</string>
				<key>path</key>
				<string>../../../addons\ofxXmlSettings/libs\tinyxml.cpp</string>
				<key>sourceTree</key>
				<string>SOURCE_ROOT</string>
			</dict>
			<key>53BE93118156FEB912A4C5D6</key>
			<dict>
				<key>explicitFileType</key>
				<string>sourcecode.c.h</string>
				<key>fileEncoding</key>
				<string>30</string>
				<key>isa</key>
				<string>PBXFileReference</string>
				<key>name</key>
				<string>src\ofxXmlSettings.h</string>
				<key>path</key>
				<string>../../../addons\ofxXmlSettings/src\ofxXmlSettings.h</string>
				<key>sourceTree</key>
				<string>SOURCE_ROOT</string>
			</dict>
			<key>E348014C69ADB69687486A60</key>
			<dict>
				<key>fileRef</key>
				<string>EDAD2CE7C38894BAC9D64C41</string>
				<key>isa</key>
				<string>PBXBuildFile</string>
			</dict>
			<key>EDAD2CE7C38894BAC9D64C41</key>
			<dict>
				<key>explicitFileType</key>
				<string>sourcecode.cpp.cpp</string>
				<key>fileEncoding</key>
				<string>30</string>
				<key>isa</key>
				<string>PBXFileReference</string>
				<key>name</key>
				<string>src\ofxXmlSettings.cpp</string>
				<key>path</key>
				<string>../../../addons\ofxXmlSettings/src\ofxXmlSettings.cpp</string>
				<key>sourceTree</key>
				<string>SOURCE_ROOT</string>
			</dict>
			<key>75F3BF9BB05663E60C8F7EEB</key>
			<dict>
				<key>explicitFileType</key>
				<string>sourcecode.c.h</string>
				<key>fileEncoding</key>
				<string>30</string>
				<key>isa</key>
				<string>PBXFileReference</string>
				<key>name</key>
				<string>src\ofxTuioPoint.h</string>
				<key>path</key>
				<string>../../../addons\ofxTuio/src\ofxTuioPoint.h</string>
				<key>sourceTree</key>
				<string>SOURCE_ROOT</string>
			</dict>
			<key>13AC0FB0427BB903FDC2E42D</key>
			<dict>
				<key>explicitFileType</key>
				<string>sourcecode.c.h</string>
				<key>fileEncoding</key>
				<string>30</string>
				<key>isa</key>
				<string>PBXFileReference</string>
				<key>name</key>
				<string>src\ofxTuioObject.h</string>
				<key>path</key>
				<string>../../../addons\ofxTuio/src\ofxTuioObject.h</string>
				<key>sourceTree</key>
				<string>SOURCE_ROOT</string>
			</dict>
			<key>F278AD3E8C4961AB58E96800</key>
			<dict>
				<key>explicitFileType</key>
				<string>sourcecode.c.h</string>
				<key>fileEncoding</key>
				<string>30</string>
				<key>isa</key>
				<string>PBXFileReference</string>
				<key>name</key>
				<string>src\ofxTuioCursor.h</string>
				<key>path</key>
				<string>../../../addons\ofxTuio/src\ofxTuioCursor.h</string>
				<key>sourceTree</key>
				<string>SOURCE_ROOT</string>
			</dict>
			<key>3F6EB5E3600A28A0C8495B9B</key>
			<dict>
				<key>explicitFileType</key>
				<string>sourcecode.c.h</string>
				<key>fileEncoding</key>
				<string>30</string>
				<key>isa</key>
				<string>PBXFileReference</string>
				<key>name</key>
				<string>src\ofxTuioContainer.h</string>
				<key>path</key>
				<string>../../../addons\ofxTuio/src\ofxTuioContainer.h</string>
				<key>sourceTree</key>
				<string>SOURCE_ROOT</string>
			</dict>
			<key>978471BDAFD907381A5DE9D4</key>
			<dict>
				<key>explicitFileType</key>
				<string>sourcecode.c.h</string>
				<key>fileEncoding</key>
				<string>30</string>
				<key>isa</key>
				<string>PBXFileReference</string>
				<key>name</key>
				<string>src\ofxTuioClient.h</string>
				<key>path</key>
				<string>../../../addons\ofxTuio/src\ofxTuioClient.h</string>
				<key>sourceTree</key>
				<string>SOURCE_ROOT</string>
			</dict>
			<key>EAC332EAD2844BEE495B81C9</key>
			<dict>
				<key>explicitFileType</key>
				<string>sourcecode.c.h</string>
				<key>fileEncoding</key>
				<string>30</string>
				<key>isa</key>
				<string>PBXFileReference</string>
				<key>name</key>
				<string>src\ofxTuio.h</string>
				<key>path</key>
				<string>../../../addons\ofxTuio/src\ofxTuio.h</string>
				<key>sourceTree</key>
				<string>SOURCE_ROOT</string>
			</dict>
			<key>EC5C579AF536A3FE8E325F87</key>
			<dict>
				<key>explicitFileType</key>
				<string>sourcecode.c.h</string>
				<key>fileEncoding</key>
				<string>30</string>
				<key>isa</key>
				<string>PBXFileReference</string>
				<key>name</key>
				<string>libs\oscpack\src\osc\OscTypes.h</string>
				<key>path</key>
				<string>../../../addons\ofxOsc/libs\oscpack\src\osc\OscTypes.h</string>
				<key>sourceTree</key>
				<string>SOURCE_ROOT</string>
			</dict>
			<key>A30497187870E43239958B6F</key>
			<dict>
				<key>fileRef</key>
				<string>E90361E4519FEA7303F513D7</string>
				<key>isa</key>
				<string>PBXBuildFile</string>
			</dict>
			<key>E90361E4519FEA7303F513D7</key>
			<dict>
				<key>explicitFileType</key>
				<string>sourcecode.cpp.cpp</string>
				<key>fileEncoding</key>
				<string>30</string>
				<key>isa</key>
				<string>PBXFileReference</string>
				<key>name</key>
				<string>libs\oscpack\src\osc\OscTypes.cpp</string>
				<key>path</key>
				<string>../../../addons\ofxOsc/libs\oscpack\src\osc\OscTypes.cpp</string>
				<key>sourceTree</key>
				<string>SOURCE_ROOT</string>
			</dict>
			<key>0978FCC7EFFC2EA8F6E1AA6C</key>
			<dict>
				<key>explicitFileType</key>
				<string>sourcecode.c.h</string>
				<key>fileEncoding</key>
				<string>30</string>
				<key>isa</key>
				<string>PBXFileReference</string>
				<key>name</key>
				<string>libs\oscpack\src\osc\OscReceivedElements.h</string>
				<key>path</key>
				<string>../../../addons\ofxOsc/libs\oscpack\src\osc\OscReceivedElements.h</string>
				<key>sourceTree</key>
				<string>SOURCE_ROOT</string>
			</dict>
			<key>051EDBB95C97C62C076E805F</key>
			<dict>
				<key>fileRef</key>
				<string>AB64364D411120636718B848</string>
				<key>isa</key>
				<string>PBXBuildFile</string>
			</dict>
			<key>AB64364D411120636718B848</key>
			<dict>
				<key>explicitFileType</key>
				<string>sourcecode.cpp.cpp</string>
				<key>fileEncoding</key>
				<string>30</string>
				<key>isa</key>
				<string>PBXFileReference</string>
				<key>name</key>
				<string>libs\oscpack\src\osc\OscReceivedElements.cpp</string>
				<key>path</key>
				<string>../../../addons\ofxOsc/libs\oscpack\src\osc\OscReceivedElements.cpp</string>
				<key>sourceTree</key>
				<string>SOURCE_ROOT</string>
			</dict>
			<key>34F9AA4D2F5AEE267858D905</key>
			<dict>
				<key>explicitFileType</key>
				<string>sourcecode.c.h</string>
				<key>fileEncoding</key>
				<string>30</string>
				<key>isa</key>
				<string>PBXFileReference</string>
				<key>name</key>
				<string>libs\oscpack\src\osc\OscPrintReceivedElements.h</string>
				<key>path</key>
				<string>../../../addons\ofxOsc/libs\oscpack\src\osc\OscPrintReceivedElements.h</string>
				<key>sourceTree</key>
				<string>SOURCE_ROOT</string>
			</dict>
			<key>50FB0F02694B04DB5C0C21F2</key>
			<dict>
				<key>fileRef</key>
				<string>651101835CD763FB4BEFC1E7</string>
				<key>isa</key>
				<string>PBXBuildFile</string>
			</dict>
			<key>651101835CD763FB4BEFC1E7</key>
			<dict>
				<key>explicitFileType</key>
				<string>sourcecode.cpp.cpp</string>
				<key>fileEncoding</key>
				<string>30</string>
				<key>isa</key>
				<string>PBXFileReference</string>
				<key>name</key>
				<string>libs\oscpack\src\osc\OscPrintReceivedElements.cpp</string>
				<key>path</key>
				<string>../../../addons\ofxOsc/libs\oscpack\src\osc\OscPrintReceivedElements.cpp</string>
				<key>sourceTree</key>
				<string>SOURCE_ROOT</string>
			</dict>
			<key>30F4A104CFE570525398402F</key>
			<dict>
				<key>explicitFileType</key>
				<string>sourcecode.c.h</string>
				<key>fileEncoding</key>
				<string>30</string>
				<key>isa</key>
				<string>PBXFileReference</string>
				<key>name</key>
				<string>libs\oscpack\src\osc\OscPacketListener.h</string>
				<key>path</key>
				<string>../../../addons\ofxOsc/libs\oscpack\src\osc\OscPacketListener.h</string>
				<key>sourceTree</key>
				<string>SOURCE_ROOT</string>
			</dict>
			<key>A0EF74540F18C66074C5EA0A</key>
			<dict>
				<key>explicitFileType</key>
				<string>sourcecode.c.h</string>
				<key>fileEncoding</key>
				<string>30</string>
				<key>isa</key>
				<string>PBXFileReference</string>
				<key>name</key>
				<string>libs\oscpack\src\osc\OscOutboundPacketStream.h</string>
				<key>path</key>
				<string>../../../addons\ofxOsc/libs\oscpack\src\osc\OscOutboundPacketStream.h</string>
				<key>sourceTree</key>
				<string>SOURCE_ROOT</string>
			</dict>
			<key>3475EEA444602995D87395D4</key>
			<dict>
				<key>fileRef</key>
				<string>B9EC7F850FDD7610E3BDD2AE</string>
				<key>isa</key>
				<string>PBXBuildFile</string>
			</dict>
			<key>B9EC7F850FDD7610E3BDD2AE</key>
			<dict>
				<key>explicitFileType</key>
				<string>sourcecode.cpp.cpp</string>
				<key>fileEncoding</key>
				<string>30</string>
				<key>isa</key>
				<string>PBXFileReference</string>
				<key>name</key>
				<string>libs\oscpack\src\osc\OscOutboundPacketStream.cpp</string>
				<key>path</key>
				<string>../../../addons\ofxOsc/libs\oscpack\src\osc\OscOutboundPacketStream.cpp</string>
				<key>sourceTree</key>
				<string>SOURCE_ROOT</string>
			</dict>
			<key>143377E4AA9718C1B3A54288</key>
			<dict>
				<key>explicitFileType</key>
				<string>sourcecode.c.h</string>
				<key>fileEncoding</key>
				<string>30</string>
				<key>isa</key>
				<string>PBXFileReference</string>
				<key>name</key>
				<string>libs\oscpack\src\osc\OscHostEndianness.h</string>
				<key>path</key>
				<string>../../../addons\ofxOsc/libs\oscpack\src\osc\OscHostEndianness.h</string>
				<key>sourceTree</key>
				<string>SOURCE_ROOT</string>
			</dict>
			<key>3258A7109BB35EFE6D9F6E9A</key>
			<dict>
				<key>explicitFileType</key>
				<string>sourcecode.c.h</string>
				<key>fileEncoding</key>
				<string>30</string>
				<key>isa</key>
				<string>PBXFileReference</string>
				<key>name</key>
				<string>libs\oscpack\src\osc\OscException.h</string>
				<key>path</key>
				<string>../../../addons\ofxOsc/libs\oscpack\src\osc\OscException.h</string>
				<key>sourceTree</key>
				<string>SOURCE_ROOT</string>
			</dict>
			<key>8762E0103C1F84C0A27EB66E</key>
			<dict>
				<key>explicitFileType</key>
				<string>sourcecode.c.h</string>
				<key>fileEncoding</key>
				<string>30</string>
				<key>isa</key>
				<string>PBXFileReference</string>
				<key>name</key>
				<string>libs\oscpack\src\osc\MessageMappingOscPacketListener.h</string>
				<key>path</key>
				<string>../../../addons\ofxOsc/libs\oscpack\src\osc\MessageMappingOscPacketListener.h</string>
				<key>sourceTree</key>
				<string>SOURCE_ROOT</string>
			</dict>
			<key>D8868C186E39D8274C52E22A</key>
			<dict>
				<key>explicitFileType</key>
				<string>sourcecode.c.h</string>
				<key>fileEncoding</key>
				<string>30</string>
				<key>isa</key>
				<string>PBXFileReference</string>
				<key>name</key>
				<string>libs\oscpack\src\ip\UdpSocket.h</string>
				<key>path</key>
				<string>../../../addons\ofxOsc/libs\oscpack\src\ip\UdpSocket.h</string>
				<key>sourceTree</key>
				<string>SOURCE_ROOT</string>
			</dict>
			<key>B471D34805B566C7166E569E</key>
			<dict>
				<key>explicitFileType</key>
				<string>sourcecode.c.h</string>
				<key>fileEncoding</key>
				<string>30</string>
				<key>isa</key>
				<string>PBXFileReference</string>
				<key>name</key>
				<string>libs\oscpack\src\ip\TimerListener.h</string>
				<key>path</key>
				<string>../../../addons\ofxOsc/libs\oscpack\src\ip\TimerListener.h</string>
				<key>sourceTree</key>
				<string>SOURCE_ROOT</string>
			</dict>
			<key>37B3DF5DF5BD6A278BC61296</key>
			<dict>
				<key>fileRef</key>
				<string>A62E706008B8087476250763</string>
				<key>isa</key>
				<string>PBXBuildFile</string>
			</dict>
			<key>A62E706008B8087476250763</key>
			<dict>
				<key>explicitFileType</key>
				<string>sourcecode.cpp.cpp</string>
				<key>fileEncoding</key>
				<string>30</string>
				<key>isa</key>
				<string>PBXFileReference</string>
				<key>name</key>
				<string>libs\oscpack\src\ip\posix\UdpSocket.cpp</string>
				<key>path</key>
				<string>../../../addons\ofxOsc/libs\oscpack\src\ip\posix\UdpSocket.cpp</string>
				<key>sourceTree</key>
				<string>SOURCE_ROOT</string>
			</dict>
			<key>F93CEFDF7B9234553DB5EED9</key>
			<dict>
				<key>fileRef</key>
				<string>931F4426AD470A85B60053C4</string>
				<key>isa</key>
				<string>PBXBuildFile</string>
			</dict>
			<key>931F4426AD470A85B60053C4</key>
			<dict>
				<key>explicitFileType</key>
				<string>sourcecode.cpp.cpp</string>
				<key>fileEncoding</key>
				<string>30</string>
				<key>isa</key>
				<string>PBXFileReference</string>
				<key>name</key>
				<string>libs\oscpack\src\ip\posix\NetworkingUtils.cpp</string>
				<key>path</key>
				<string>../../../addons\ofxOsc/libs\oscpack\src\ip\posix\NetworkingUtils.cpp</string>
				<key>sourceTree</key>
				<string>SOURCE_ROOT</string>
			</dict>
			<key>BD3A592E9261BDCB62E742A8</key>
			<dict>
				<key>explicitFileType</key>
				<string>sourcecode.c.h</string>
				<key>fileEncoding</key>
				<string>30</string>
				<key>isa</key>
				<string>PBXFileReference</string>
				<key>name</key>
				<string>libs\oscpack\src\ip\PacketListener.h</string>
				<key>path</key>
				<string>../../../addons\ofxOsc/libs\oscpack\src\ip\PacketListener.h</string>
				<key>sourceTree</key>
				<string>SOURCE_ROOT</string>
			</dict>
			<key>92C3C32E8212F907126C5DDC</key>
			<dict>
				<key>explicitFileType</key>
				<string>sourcecode.c.h</string>
				<key>fileEncoding</key>
				<string>30</string>
				<key>isa</key>
				<string>PBXFileReference</string>
				<key>name</key>
				<string>libs\oscpack\src\ip\NetworkingUtils.h</string>
				<key>path</key>
				<string>../../../addons\ofxOsc/libs\oscpack\src\ip\NetworkingUtils.h</string>
				<key>sourceTree</key>
				<string>SOURCE_ROOT</string>
			</dict>
			<key>F38476F6B455BCE3725896DC</key>
			<dict>
				<key>explicitFileType</key>
				<string>sourcecode.c.h</string>
				<key>fileEncoding</key>
				<string>30</string>
				<key>isa</key>
				<string>PBXFileReference</string>
				<key>name</key>
				<string>libs\oscpack\src\ip\IpEndpointName.h</string>
				<key>path</key>
				<string>../../../addons\ofxOsc/libs\oscpack\src\ip\IpEndpointName.h</string>
				<key>sourceTree</key>
				<string>SOURCE_ROOT</string>
			</dict>
			<key>91A3454D85B079CE47DAA25D</key>
			<dict>
				<key>fileRef</key>
				<string>E390F3358CB1434DC4011EE9</string>
				<key>isa</key>
				<string>PBXBuildFile</string>
			</dict>
			<key>E390F3358CB1434DC4011EE9</key>
			<dict>
				<key>explicitFileType</key>
				<string>sourcecode.cpp.cpp</string>
				<key>fileEncoding</key>
				<string>30</string>
				<key>isa</key>
				<string>PBXFileReference</string>
				<key>name</key>
				<string>libs\oscpack\src\ip\IpEndpointName.cpp</string>
				<key>path</key>
				<string>../../../addons\ofxOsc/libs\oscpack\src\ip\IpEndpointName.cpp</string>
				<key>sourceTree</key>
				<string>SOURCE_ROOT</string>
			</dict>
			<key>CAF5C6722B7340435AC9E81B</key>
			<dict>
				<key>explicitFileType</key>
				<string>sourcecode.c.h</string>
				<key>fileEncoding</key>
				<string>30</string>
				<key>isa</key>
				<string>PBXFileReference</string>
				<key>name</key>
				<string>src\ofxOscSender.h</string>
				<key>path</key>
				<string>../../../addons\ofxOsc/src\ofxOscSender.h</string>
				<key>sourceTree</key>
				<string>SOURCE_ROOT</string>
			</dict>
			<key>EED04E4EE0C6E809B17DC902</key>
			<dict>
				<key>fileRef</key>
				<string>23901BAC188A628970B21596</string>
				<key>isa</key>
				<string>PBXBuildFile</string>
			</dict>
			<key>23901BAC188A628970B21596</key>
			<dict>
				<key>explicitFileType</key>
				<string>sourcecode.cpp.cpp</string>
				<key>fileEncoding</key>
				<string>30</string>
				<key>isa</key>
				<string>PBXFileReference</string>
				<key>name</key>
				<string>src\ofxOscSender.cpp</string>
				<key>path</key>
				<string>../../../addons\ofxOsc/src\ofxOscSender.cpp</string>
				<key>sourceTree</key>
				<string>SOURCE_ROOT</string>
			</dict>
			<key>D0EDBE1F347E78AE1553765E</key>
			<dict>
				<key>explicitFileType</key>
				<string>sourcecode.c.h</string>
				<key>fileEncoding</key>
				<string>30</string>
				<key>isa</key>
				<string>PBXFileReference</string>
				<key>name</key>
				<string>src\ofxOscReceiver.h</string>
				<key>path</key>
				<string>../../../addons\ofxOsc/src\ofxOscReceiver.h</string>
				<key>sourceTree</key>
				<string>SOURCE_ROOT</string>
			</dict>
			<key>7CAC2E1FD48A3590BE14CE5A</key>
			<dict>
				<key>fileRef</key>
				<string>8014E83511376B3CF6CE2AAD</string>
				<key>isa</key>
				<string>PBXBuildFile</string>
			</dict>
			<key>8014E83511376B3CF6CE2AAD</key>
			<dict>
				<key>explicitFileType</key>
				<string>sourcecode.cpp.cpp</string>
				<key>fileEncoding</key>
				<string>30</string>
				<key>isa</key>
				<string>PBXFileReference</string>
				<key>name</key>
				<string>src\ofxOscReceiver.cpp</string>
				<key>path</key>
				<string>../../../addons\ofxOsc/src\ofxOscReceiver.cpp</string>
				<key>sourceTree</key>
				<string>SOURCE_ROOT</string>
			</dict>
			<key>7474D0C060DE0552CE437846</key>
			<dict>
				<key>explicitFileType</key>
				<string>sourcecode.c.h</string>
				<key>fileEncoding</key>
				<string>30</string>
				<key>isa</key>
				<string>PBXFileReference</string>
				<key>name</key>
				<string>src\ofxOscParameterSync.h</string>
				<key>path</key>
				<string>../../../addons\ofxOsc/src\ofxOscParameterSync.h</string>
				<key>sourceTree</key>
				<string>SOURCE_ROOT</string>
			</dict>
			<key>854F103B0EB4300512588FC9</key>
			<dict>
				<key>fileRef</key>
				<string>447414F66FA3C26909D2C9FC</string>
				<key>isa</key>
				<string>PBXBuildFile</string>
			</dict>
			<key>447414F66FA3C26909D2C9FC</key>
			<dict>
				<key>explicitFileType</key>
				<string>sourcecode.cpp.cpp</string>
				<key>fileEncoding</key>
				<string>30</string>
				<key>isa</key>
				<string>PBXFileReference</string>
				<key>name</key>
				<string>src\ofxOscParameterSync.cpp</string>
				<key>path</key>
				<string>../../../addons\ofxOsc/src\ofxOscParameterSync.cpp</string>
				<key>sourceTree</key>
				<string>SOURCE_ROOT</string>
			</dict>
			<key>AC39D97CB9BFBAA3C943B543</key>
			<dict>
				<key>explicitFileType</key>
				<string>sourcecode.c.h</string>
				<key>fileEncoding</key>
				<string>30</string>
				<key>isa</key>
				<string>PBXFileReference</string>
				<key>name</key>
				<string>src\ofxOscMessage.h</string>
				<key>path</key>
				<string>../../../addons\ofxOsc/src\ofxOscMessage.h</string>
				<key>sourceTree</key>
				<string>SOURCE_ROOT</string>
			</dict>
			<key>250D59A52F9F1C6D27B2C1FC</key>
			<dict>
				<key>fileRef</key>
				<string>7E7713635B689DC061EFE14F</string>
				<key>isa</key>
				<string>PBXBuildFile</string>
			</dict>
			<key>7E7713635B689DC061EFE14F</key>
			<dict>
				<key>explicitFileType</key>
				<string>sourcecode.cpp.cpp</string>
				<key>fileEncoding</key>
				<string>30</string>
				<key>isa</key>
				<string>PBXFileReference</string>
				<key>name</key>
				<string>src\ofxOscMessage.cpp</string>
				<key>path</key>
				<string>../../../addons\ofxOsc/src\ofxOscMessage.cpp</string>
				<key>sourceTree</key>
				<string>SOURCE_ROOT</string>
			</dict>
			<key>F4DBC810EF8FF90DA67CCB68</key>
			<dict>
				<key>explicitFileType</key>
				<string>sourcecode.c.h</string>
				<key>fileEncoding</key>
				<string>30</string>
				<key>isa</key>
				<string>PBXFileReference</string>
				<key>name</key>
				<string>src\ofxOscBundle.h</string>
				<key>path</key>
				<string>../../../addons\ofxOsc/src\ofxOscBundle.h</string>
				<key>sourceTree</key>
				<string>SOURCE_ROOT</string>
			</dict>
			<key>EDE0FDF76FE99F6BA390B3DD</key>
			<dict>
				<key>fileRef</key>
				<string>4C0146D702BB877102629776</string>
				<key>isa</key>
				<string>PBXBuildFile</string>
			</dict>
			<key>4C0146D702BB877102629776</key>
			<dict>
				<key>explicitFileType</key>
				<string>sourcecode.cpp.cpp</string>
				<key>fileEncoding</key>
				<string>30</string>
				<key>isa</key>
				<string>PBXFileReference</string>
				<key>name</key>
				<string>src\ofxOscBundle.cpp</string>
				<key>path</key>
				<string>../../../addons\ofxOsc/src\ofxOscBundle.cpp</string>
				<key>sourceTree</key>
				<string>SOURCE_ROOT</string>
			</dict>
			<key>D91E2B4A1A9A206AA894B6E8</key>
			<dict>
				<key>explicitFileType</key>
				<string>sourcecode.c.h</string>
				<key>fileEncoding</key>
				<string>30</string>
				<key>isa</key>
				<string>PBXFileReference</string>
				<key>name</key>
				<string>src\ofxOscArg.h</string>
				<key>path</key>
				<string>../../../addons\ofxOsc/src\ofxOscArg.h</string>
				<key>sourceTree</key>
				<string>SOURCE_ROOT</string>
			</dict>
			<key>ACFC2A5070D3DD71AA63BB55</key>
			<dict>
				<key>explicitFileType</key>
				<string>sourcecode.c.h</string>
				<key>fileEncoding</key>
				<string>30</string>
				<key>isa</key>
				<string>PBXFileReference</string>
				<key>name</key>
				<string>src\ofxOsc.h</string>
				<key>path</key>
				<string>../../../addons\ofxOsc/src\ofxOsc.h</string>
				<key>sourceTree</key>
				<string>SOURCE_ROOT</string>
			</dict>
			<key>73E5270DFC37609117BB1587</key>
			<dict>
				<key>explicitFileType</key>
				<string>sourcecode.c.h</string>
				<key>fileEncoding</key>
				<string>30</string>
				<key>isa</key>
				<string>PBXFileReference</string>
				<key>name</key>
				<string>src\ofxToggle.h</string>
				<key>path</key>
				<string>../../../addons\ofxGui/src\ofxToggle.h</string>
				<key>sourceTree</key>
				<string>SOURCE_ROOT</string>
			</dict>
			<key>2182554F98A91EF9D75A951C</key>
			<dict>
				<key>fileRef</key>
				<string>837394A274EF9F1BC0BD40E1</string>
				<key>isa</key>
				<string>PBXBuildFile</string>
			</dict>
			<key>837394A274EF9F1BC0BD40E1</key>
			<dict>
				<key>explicitFileType</key>
				<string>sourcecode.cpp.cpp</string>
				<key>fileEncoding</key>
				<string>30</string>
				<key>isa</key>
				<string>PBXFileReference</string>
				<key>name</key>
				<string>src\ofxToggle.cpp</string>
				<key>path</key>
				<string>../../../addons\ofxGui/src\ofxToggle.cpp</string>
				<key>sourceTree</key>
				<string>SOURCE_ROOT</string>
			</dict>
			<key>63C74513F5B2D2270B8E097E</key>
			<dict>
				<key>explicitFileType</key>
				<string>sourcecode.c.h</string>
				<key>fileEncoding</key>
				<string>30</string>
				<key>isa</key>
				<string>PBXFileReference</string>
				<key>name</key>
				<string>src\ofxSliderGroup.h</string>
				<key>path</key>
				<string>../../../addons\ofxGui/src\ofxSliderGroup.h</string>
				<key>sourceTree</key>
				<string>SOURCE_ROOT</string>
			</dict>
			<key>417C3990B07E47D200628FBA</key>
			<dict>
				<key>fileRef</key>
				<string>574BD636CEEE229060D7D773</string>
				<key>isa</key>
				<string>PBXBuildFile</string>
			</dict>
			<key>574BD636CEEE229060D7D773</key>
			<dict>
				<key>explicitFileType</key>
				<string>sourcecode.cpp.cpp</string>
				<key>fileEncoding</key>
				<string>30</string>
				<key>isa</key>
				<string>PBXFileReference</string>
				<key>name</key>
				<string>src\ofxSliderGroup.cpp</string>
				<key>path</key>
				<string>../../../addons\ofxGui/src\ofxSliderGroup.cpp</string>
				<key>sourceTree</key>
				<string>SOURCE_ROOT</string>
			</dict>
			<key>FF223B8E8B61A8E75A0F83BD</key>
			<dict>
				<key>explicitFileType</key>
				<string>sourcecode.c.h</string>
				<key>fileEncoding</key>
				<string>30</string>
				<key>isa</key>
				<string>PBXFileReference</string>
				<key>name</key>
				<string>src\ofxSlider.h</string>
				<key>path</key>
				<string>../../../addons\ofxGui/src\ofxSlider.h</string>
				<key>sourceTree</key>
				<string>SOURCE_ROOT</string>
			</dict>
			<key>AABFAB9159DA905D9004050C</key>
			<dict>
				<key>fileRef</key>
				<string>70949D5DFB3C517F116D472A</string>
				<key>isa</key>
				<string>PBXBuildFile</string>
			</dict>
			<key>70949D5DFB3C517F116D472A</key>
			<dict>
				<key>explicitFileType</key>
				<string>sourcecode.cpp.cpp</string>
				<key>fileEncoding</key>
				<string>30</string>
				<key>isa</key>
				<string>PBXFileReference</string>
				<key>name</key>
				<string>src\ofxSlider.cpp</string>
				<key>path</key>
				<string>../../../addons\ofxGui/src\ofxSlider.cpp</string>
				<key>sourceTree</key>
				<string>SOURCE_ROOT</string>
			</dict>
			<key>E8D2F256DA3C599C1293DEE7</key>
			<dict>
				<key>explicitFileType</key>
				<string>sourcecode.c.h</string>
				<key>fileEncoding</key>
				<string>30</string>
				<key>isa</key>
				<string>PBXFileReference</string>
				<key>name</key>
				<string>src\ofxPanel.h</string>
				<key>path</key>
				<string>../../../addons\ofxGui/src\ofxPanel.h</string>
				<key>sourceTree</key>
				<string>SOURCE_ROOT</string>
			</dict>
			<key>6E8516A6104E43756D6415EF</key>
			<dict>
				<key>fileRef</key>
				<string>98641AB090283B2C60EF3DC8</string>
				<key>isa</key>
				<string>PBXBuildFile</string>
			</dict>
			<key>98641AB090283B2C60EF3DC8</key>
			<dict>
				<key>explicitFileType</key>
				<string>sourcecode.cpp.cpp</string>
				<key>fileEncoding</key>
				<string>30</string>
				<key>isa</key>
				<string>PBXFileReference</string>
				<key>name</key>
				<string>src\ofxPanel.cpp</string>
				<key>path</key>
				<string>../../../addons\ofxGui/src\ofxPanel.cpp</string>
				<key>sourceTree</key>
				<string>SOURCE_ROOT</string>
			</dict>
			<key>8437AB1D2B3688EA0A93C9BA</key>
			<dict>
				<key>explicitFileType</key>
				<string>sourcecode.c.h</string>
				<key>fileEncoding</key>
				<string>30</string>
				<key>isa</key>
				<string>PBXFileReference</string>
				<key>name</key>
				<string>src\ofxLabel.h</string>
				<key>path</key>
				<string>../../../addons\ofxGui/src\ofxLabel.h</string>
				<key>sourceTree</key>
				<string>SOURCE_ROOT</string>
			</dict>
			<key>C4115CAE6CCFD746A588191B</key>
			<dict>
				<key>fileRef</key>
				<string>452EFB96F3F6598D94BDB3FC</string>
				<key>isa</key>
				<string>PBXBuildFile</string>
			</dict>
			<key>452EFB96F3F6598D94BDB3FC</key>
			<dict>
				<key>explicitFileType</key>
				<string>sourcecode.cpp.cpp</string>
				<key>fileEncoding</key>
				<string>30</string>
				<key>isa</key>
				<string>PBXFileReference</string>
				<key>name</key>
				<string>src\ofxLabel.cpp</string>
				<key>path</key>
				<string>../../../addons\ofxGui/src\ofxLabel.cpp</string>
				<key>sourceTree</key>
				<string>SOURCE_ROOT</string>
			</dict>
			<key>3F23A45D370D2163803E91C2</key>
			<dict>
				<key>explicitFileType</key>
				<string>sourcecode.c.h</string>
				<key>fileEncoding</key>
				<string>30</string>
				<key>isa</key>
				<string>PBXFileReference</string>
				<key>name</key>
				<string>src\ofxGuiGroup.h</string>
				<key>path</key>
				<string>../../../addons\ofxGui/src\ofxGuiGroup.h</string>
				<key>sourceTree</key>
				<string>SOURCE_ROOT</string>
			</dict>
			<key>3E8BD9449848AA1148269721</key>
			<dict>
				<key>fileRef</key>
				<string>E698B013F0713D575285952F</string>
				<key>isa</key>
				<string>PBXBuildFile</string>
			</dict>
			<key>E698B013F0713D575285952F</key>
			<dict>
				<key>explicitFileType</key>
				<string>sourcecode.cpp.cpp</string>
				<key>fileEncoding</key>
				<string>30</string>
				<key>isa</key>
				<string>PBXFileReference</string>
				<key>name</key>
				<string>src\ofxGuiGroup.cpp</string>
				<key>path</key>
				<string>../../../addons\ofxGui/src\ofxGuiGroup.cpp</string>
				<key>sourceTree</key>
				<string>SOURCE_ROOT</string>
			</dict>
			<key>0CFB7218880307485DA30D0C</key>
			<dict>
				<key>explicitFileType</key>
				<string>sourcecode.c.h</string>
				<key>fileEncoding</key>
				<string>30</string>
				<key>isa</key>
				<string>PBXFileReference</string>
				<key>name</key>
				<string>src\ofxGui.h</string>
				<key>path</key>
				<string>../../../addons\ofxGui/src\ofxGui.h</string>
				<key>sourceTree</key>
				<string>SOURCE_ROOT</string>
			</dict>
			<key>09DCC6B69D5A78F9706FCBC3</key>
			<dict>
				<key>explicitFileType</key>
				<string>sourcecode.c.h</string>
				<key>fileEncoding</key>
				<string>30</string>
				<key>isa</key>
				<string>PBXFileReference</string>
				<key>name</key>
				<string>src\ofxButton.h</string>
				<key>path</key>
				<string>../../../addons\ofxGui/src\ofxButton.h</string>
				<key>sourceTree</key>
				<string>SOURCE_ROOT</string>
			</dict>
			<key>E18A95C1A6F27F3C822B6829</key>
			<dict>
				<key>fileRef</key>
				<string>ED335945133957FBCC788588</string>
				<key>isa</key>
				<string>PBXBuildFile</string>
			</dict>
			<key>ED335945133957FBCC788588</key>
			<dict>
				<key>explicitFileType</key>
				<string>sourcecode.cpp.cpp</string>
				<key>fileEncoding</key>
				<string>30</string>
				<key>isa</key>
				<string>PBXFileReference</string>
				<key>name</key>
				<string>src\ofxButton.cpp</string>
				<key>path</key>
				<string>../../../addons\ofxGui/src\ofxButton.cpp</string>
				<key>sourceTree</key>
				<string>SOURCE_ROOT</string>
			</dict>
			<key>C9092092EE2FAF3BAA4E5F06</key>
			<dict>
				<key>explicitFileType</key>
				<string>sourcecode.c.h</string>
				<key>fileEncoding</key>
				<string>30</string>
				<key>isa</key>
				<string>PBXFileReference</string>
				<key>name</key>
				<string>src\ofxBaseGui.h</string>
				<key>path</key>
				<string>../../../addons\ofxGui/src\ofxBaseGui.h</string>
				<key>sourceTree</key>
				<string>SOURCE_ROOT</string>
			</dict>
			<key>DF2D7646E03177ED510294A3</key>
			<dict>
				<key>fileRef</key>
				<string>7FB2B614CCC328BF1548F261</string>
				<key>isa</key>
				<string>PBXBuildFile</string>
			</dict>
			<key>7FB2B614CCC328BF1548F261</key>
			<dict>
				<key>explicitFileType</key>
				<string>sourcecode.cpp.cpp</string>
				<key>fileEncoding</key>
				<string>30</string>
				<key>isa</key>
				<string>PBXFileReference</string>
				<key>name</key>
				<string>src\ofxBaseGui.cpp</string>
				<key>path</key>
				<string>../../../addons\ofxGui/src\ofxBaseGui.cpp</string>
				<key>sourceTree</key>
				<string>SOURCE_ROOT</string>
			</dict>
			<key>32E0B81A0FC31D0B4E2BC6E7</key>
			<dict>
				<key>explicitFileType</key>
				<string>sourcecode.c.h</string>
				<key>fileEncoding</key>
				<string>30</string>
				<key>isa</key>
				<string>PBXFileReference</string>
				<key>name</key>
				<string>src\ofTuioCursor2.h</string>
				<key>path</key>
				<string>src\ofTuioCursor2.h</string>
				<key>sourceTree</key>
				<string>SOURCE_ROOT</string>
			</dict>
			<key>37EA50BC801A9160852304C0</key>
			<dict>
				<key>fileRef</key>
				<string>748806384878E87C4ACF759B</string>
				<key>isa</key>
				<string>PBXBuildFile</string>
			</dict>
			<key>748806384878E87C4ACF759B</key>
			<dict>
				<key>explicitFileType</key>
				<string>sourcecode.cpp.cpp</string>
				<key>fileEncoding</key>
				<string>30</string>
				<key>isa</key>
				<string>PBXFileReference</string>
				<key>name</key>
				<string>src\ofTuioCursor2.cpp</string>
				<key>path</key>
				<string>src\ofTuioCursor2.cpp</string>
				<key>sourceTree</key>
				<string>SOURCE_ROOT</string>
			</dict>
			<key>C5318E5F59AB3E5B76827F50</key>
			<dict>
				<key>explicitFileType</key>
				<string>sourcecode.c.h</string>
				<key>fileEncoding</key>
				<string>30</string>
				<key>isa</key>
				<string>PBXFileReference</string>
				<key>name</key>
				<string>src\ofApp.h</string>
				<key>path</key>
				<string>src\ofApp.h</string>
				<key>sourceTree</key>
				<string>SOURCE_ROOT</string>
			</dict>
			<key>A69E3BC437534E0A424AEA6A</key>
			<dict>
				<key>fileRef</key>
				<string>F4EC735D3A6B6E781BEDB7D1</string>
				<key>isa</key>
				<string>PBXBuildFile</string>
			</dict>
			<key>F4EC735D3A6B6E781BEDB7D1</key>
			<dict>
				<key>explicitFileType</key>
				<string>sourcecode.cpp.cpp</string>
				<key>fileEncoding</key>
				<string>30</string>
				<key>isa</key>
				<string>PBXFileReference</string>
				<key>name</key>
				<string>src\ofApp.cpp</string>
				<key>path</key>
				<string>src\ofApp.cpp</string>
				<key>sourceTree</key>
				<string>SOURCE_ROOT</string>
			</dict>
			<key>B2AD926770259F4C697118FD</key>
			<dict>
				<key>fileRef</key>
				<string>0BC8C4FE0158A18092F89F8E</string>
				<key>isa</key>
				<string>PBXBuildFile</string>
			</dict>
			<key>0BC8C4FE0158A18092F89F8E</key>
			<dict>
				<key>explicitFileType</key>
				<string>sourcecode.cpp.cpp</string>
				<key>fileEncoding</key>
				<string>30</string>
				<key>isa</key>
				<string>PBXFileReference</string>
				<key>name</key>
				<string>src\main.cpp</string>
				<key>path</key>
				<string>src\main.cpp</string>
				<key>sourceTree</key>
				<string>SOURCE_ROOT</string>
			</dict>
			<key>6948EE371B920CB800B5AC1A</key>
			<dict>
				<key>children</key>
				<array />
				<key>isa</key>
				<string>PBXGroup</string>
				<key>name</key>
				<string>local_addons</string>
				<key>sourceTree</key>
				<string>&lt;group&gt;</string>
			</dict>
			<key>BB4B014C10F69532006C3DED</key>
			<dict>
				<key>children</key>
				<array />
				<key>isa</key>
				<string>PBXGroup</string>
				<key>name</key>
				<string>addons</string>
				<key>sourceTree</key>
				<string>&lt;group&gt;</string>
			</dict>
			<key>E4328143138ABC890047C5CB</key>
			<dict>
				<key>isa</key>
				<string>PBXFileReference</string>
				<key>lastKnownFileType</key>
				<string>wrapper.pb-project</string>
				<key>name</key>
				<string>openFrameworksLib.xcodeproj</string>
				<key>path</key>
				<string>../../../libs/openFrameworksCompiled/project/osx/openFrameworksLib.xcodeproj</string>
				<key>sourceTree</key>
				<string>SOURCE_ROOT</string>
			</dict>
			<key>E4328144138ABC890047C5CB</key>
			<dict>
				<key>children</key>
				<array>
					<string>E4328148138ABC890047C5CB</string>
				</array>
				<key>isa</key>
				<string>PBXGroup</string>
				<key>name</key>
				<string>Products</string>
				<key>sourceTree</key>
				<string>&lt;group&gt;</string>
			</dict>
			<key>E4328147138ABC890047C5CB</key>
			<dict>
				<key>containerPortal</key>
				<string>E4328143138ABC890047C5CB</string>
				<key>isa</key>
				<string>PBXContainerItemProxy</string>
				<key>proxyType</key>
				<string>2</string>
				<key>remoteGlobalIDString</key>
				<string>E4B27C1510CBEB8E00536013</string>
				<key>remoteInfo</key>
				<string>openFrameworks</string>
			</dict>
			<key>E4328148138ABC890047C5CB</key>
			<dict>
				<key>fileType</key>
				<string>archive.ar</string>
				<key>isa</key>
				<string>PBXReferenceProxy</string>
				<key>path</key>
				<string>openFrameworksDebug.a</string>
				<key>remoteRef</key>
				<string>E4328147138ABC890047C5CB</string>
				<key>sourceTree</key>
				<string>BUILT_PRODUCTS_DIR</string>
			</dict>
			<key>E4328149138ABC9F0047C5CB</key>
			<dict>
				<key>fileRef</key>
				<string>E4328148138ABC890047C5CB</string>
				<key>isa</key>
				<string>PBXBuildFile</string>
			</dict>
			<key>E4B69B4A0A3A1720003C02F2</key>
			<dict>
				<key>children</key>
				<array>
					<string>E4B6FCAD0C3E899E008CF71C</string>
					<string>E4EB6923138AFD0F00A09F29</string>
					<string>E4B69E1C0A3A1BDC003C02F2</string>
					<string>E4EEC9E9138DF44700A80321</string>
					<string>BB4B014C10F69532006C3DED</string>
					<string>6948EE371B920CB800B5AC1A</string>
					<string>E4B69B5B0A3A1756003C02F2</string>
				</array>
				<key>isa</key>
				<string>PBXGroup</string>
				<key>sourceTree</key>
				<string>&lt;group&gt;</string>
			</dict>
			<key>E4B69B4C0A3A1720003C02F2</key>
			<dict>
				<key>attributes</key>
				<dict>
					<key>LastUpgradeCheck</key>
					<string>0600</string>
				</dict>
				<key>buildConfigurationList</key>
				<string>E4B69B4D0A3A1720003C02F2</string>
				<key>compatibilityVersion</key>
				<string>Xcode 3.2</string>
				<key>developmentRegion</key>
				<string>English</string>
				<key>hasScannedForEncodings</key>
				<string>0</string>
				<key>isa</key>
				<string>PBXProject</string>
				<key>knownRegions</key>
				<array>
					<string>English</string>
					<string>Japanese</string>
					<string>French</string>
					<string>German</string>
				</array>
				<key>mainGroup</key>
				<string>E4B69B4A0A3A1720003C02F2</string>
				<key>productRefGroup</key>
				<string>E4B69B4A0A3A1720003C02F2</string>
				<key>projectDirPath</key>
				<string />
				<key>projectReferences</key>
				<array>
					<dict>
						<key>ProductGroup</key>
						<string>E4328144138ABC890047C5CB</string>
						<key>ProjectRef</key>
						<string>E4328143138ABC890047C5CB</string>
					</dict>
				</array>
				<key>projectRoot</key>
				<string />
				<key>targets</key>
				<array>
					<string>E4B69B5A0A3A1756003C02F2</string>
				</array>
			</dict>
			<key>E4B69B4D0A3A1720003C02F2</key>
			<dict>
				<key>buildConfigurations</key>
				<array>
					<string>E4B69B4E0A3A1720003C02F2</string>
					<string>E4B69B4F0A3A1720003C02F2</string>
				</array>
				<key>defaultConfigurationIsVisible</key>
				<string>0</string>
				<key>defaultConfigurationName</key>
				<string>Release</string>
				<key>isa</key>
				<string>XCConfigurationList</string>
			</dict>
			<key>E4B69B4E0A3A1720003C02F2</key>
			<dict>
				<key>baseConfigurationReference</key>
				<string>E4EB6923138AFD0F00A09F29</string>
				<key>buildSettings</key>
				<dict>
					<key>HEADER_SEARCH_PATHS</key>
					<array>
						<string>$(OF_CORE_HEADERS)</string>
						<string>src</string>
						<string>../../../addons\ofxGui/src</string>
						<string>../../../addons\ofxOsc/libs</string>
						<string>../../../addons\ofxOsc/libs\oscpack</string>
						<string>../../../addons\ofxOsc/libs\oscpack\src</string>
						<string>../../../addons\ofxOsc/libs\oscpack\src\ip</string>
						<string>../../../addons\ofxOsc/libs\oscpack\src\ip\posix</string>
						<string>../../../addons\ofxOsc/libs\oscpack\src\ip\win32</string>
						<string>../../../addons\ofxOsc/libs\oscpack\src\osc</string>
						<string>../../../addons\ofxOsc/src</string>
						<string>../../../addons\ofxTuio/src</string>
						<string>../../../addons\ofxXmlSettings/libs</string>
						<string>../../../addons\ofxXmlSettings/src</string>
					</array>
					<key>CONFIGURATION_BUILD_DIR</key>
					<string>$(SRCROOT)/bin/</string>
					<key>COPY_PHASE_STRIP</key>
					<string>NO</string>
					<key>DEAD_CODE_STRIPPING</key>
					<string>YES</string>
					<key>GCC_AUTO_VECTORIZATION</key>
					<string>YES</string>
					<key>GCC_ENABLE_SSE3_EXTENSIONS</key>
					<string>YES</string>
					<key>GCC_ENABLE_SUPPLEMENTAL_SSE3_INSTRUCTIONS</key>
					<string>YES</string>
					<key>GCC_INLINES_ARE_PRIVATE_EXTERN</key>
					<string>NO</string>
					<key>GCC_OPTIMIZATION_LEVEL</key>
					<string>0</string>
					<key>GCC_SYMBOLS_PRIVATE_EXTERN</key>
					<string>NO</string>
					<key>GCC_WARN_ABOUT_DEPRECATED_FUNCTIONS</key>
					<string>YES</string>
					<key>GCC_WARN_ABOUT_INVALID_OFFSETOF_MACRO</key>
					<string>NO</string>
					<key>GCC_WARN_ALLOW_INCOMPLETE_PROTOCOL</key>
					<string>NO</string>
					<key>GCC_WARN_UNINITIALIZED_AUTOS</key>
					<string>NO</string>
					<key>GCC_WARN_UNUSED_VALUE</key>
					<string>NO</string>
					<key>GCC_WARN_UNUSED_VARIABLE</key>
					<string>NO</string>
					<key>MACOSX_DEPLOYMENT_TARGET</key>
					<string>10.8</string>
					<key>ONLY_ACTIVE_ARCH</key>
					<string>YES</string>
					<key>OTHER_CPLUSPLUSFLAGS</key>
					<array>
						<string>-D__MACOSX_CORE__</string>
						<string>-mtune=native</string>
					</array>
					<key>SDKROOT</key>
					<string>macosx</string>
				</dict>
				<key>isa</key>
				<string>XCBuildConfiguration</string>
				<key>name</key>
				<string>Debug</string>
			</dict>
			<key>E4B69B4F0A3A1720003C02F2</key>
			<dict>
				<key>baseConfigurationReference</key>
				<string>E4EB6923138AFD0F00A09F29</string>
				<key>buildSettings</key>
				<dict>
					<key>HEADER_SEARCH_PATHS</key>
					<array>
						<string>$(OF_CORE_HEADERS)</string>
						<string>src</string>
						<string>../../../addons\ofxGui/src</string>
						<string>../../../addons\ofxOsc/libs</string>
						<string>../../../addons\ofxOsc/libs\oscpack</string>
						<string>../../../addons\ofxOsc/libs\oscpack\src</string>
						<string>../../../addons\ofxOsc/libs\oscpack\src\ip</string>
						<string>../../../addons\ofxOsc/libs\oscpack\src\ip\posix</string>
						<string>../../../addons\ofxOsc/libs\oscpack\src\ip\win32</string>
						<string>../../../addons\ofxOsc/libs\oscpack\src\osc</string>
						<string>../../../addons\ofxOsc/src</string>
						<string>../../../addons\ofxTuio/src</string>
						<string>../../../addons\ofxXmlSettings/libs</string>
						<string>../../../addons\ofxXmlSettings/src</string>
					</array>
					<key>CONFIGURATION_BUILD_DIR</key>
					<string>$(SRCROOT)/bin/</string>
					<key>COPY_PHASE_STRIP</key>
					<string>YES</string>
					<key>DEAD_CODE_STRIPPING</key>
					<string>YES</string>
					<key>GCC_AUTO_VECTORIZATION</key>
					<string>YES</string>
					<key>GCC_ENABLE_SSE3_EXTENSIONS</key>
					<string>YES</string>
					<key>GCC_ENABLE_SUPPLEMENTAL_SSE3_INSTRUCTIONS</key>
					<string>YES</string>
					<key>GCC_INLINES_ARE_PRIVATE_EXTERN</key>
					<string>NO</string>
					<key>GCC_OPTIMIZATION_LEVEL</key>
					<string>3</string>
					<key>GCC_SYMBOLS_PRIVATE_EXTERN</key>
					<string>NO</string>
					<key>GCC_UNROLL_LOOPS</key>
					<string>YES</string>
					<key>GCC_WARN_ABOUT_DEPRECATED_FUNCTIONS</key>
					<string>YES</string>
					<key>GCC_WARN_ABOUT_INVALID_OFFSETOF_MACRO</key>
					<string>NO</string>
					<key>GCC_WARN_ALLOW_INCOMPLETE_PROTOCOL</key>
					<string>NO</string>
					<key>GCC_WARN_UNINITIALIZED_AUTOS</key>
					<string>NO</string>
					<key>GCC_WARN_UNUSED_VALUE</key>
					<string>NO</string>
					<key>GCC_WARN_UNUSED_VARIABLE</key>
					<string>NO</string>
					<key>MACOSX_DEPLOYMENT_TARGET</key>
					<string>10.8</string>
					<key>OTHER_CPLUSPLUSFLAGS</key>
					<array>
						<string>-D__MACOSX_CORE__</string>
						<string>-mtune=native</string>
					</array>
					<key>SDKROOT</key>
					<string>macosx</string>
				</dict>
				<key>isa</key>
				<string>XCBuildConfiguration</string>
				<key>name</key>
				<string>Release</string>
			</dict>
			<key>E4B69B580A3A1756003C02F2</key>
			<dict>
				<key>buildActionMask</key>
				<string>2147483647</string>
				<key>files</key>
				<array>
					<string>E4B69E200A3A1BDC003C02F2</string>
					<string>E4B69E210A3A1BDC003C02F2</string>
					<string>B2AD926770259F4C697118FD</string>
					<string>A69E3BC437534E0A424AEA6A</string>
					<string>37EA50BC801A9160852304C0</string>
					<string>DF2D7646E03177ED510294A3</string>
					<string>E18A95C1A6F27F3C822B6829</string>
					<string>3E8BD9449848AA1148269721</string>
					<string>C4115CAE6CCFD746A588191B</string>
					<string>6E8516A6104E43756D6415EF</string>
					<string>AABFAB9159DA905D9004050C</string>
					<string>417C3990B07E47D200628FBA</string>
					<string>2182554F98A91EF9D75A951C</string>
					<string>EDE0FDF76FE99F6BA390B3DD</string>
					<string>250D59A52F9F1C6D27B2C1FC</string>
					<string>854F103B0EB4300512588FC9</string>
					<string>7CAC2E1FD48A3590BE14CE5A</string>
					<string>EED04E4EE0C6E809B17DC902</string>
					<string>91A3454D85B079CE47DAA25D</string>
					<string>F93CEFDF7B9234553DB5EED9</string>
					<string>37B3DF5DF5BD6A278BC61296</string>
					<string>3475EEA444602995D87395D4</string>
					<string>50FB0F02694B04DB5C0C21F2</string>
					<string>051EDBB95C97C62C076E805F</string>
					<string>A30497187870E43239958B6F</string>
					<string>E348014C69ADB69687486A60</string>
					<string>75403AE3AE98C6D6271969CD</string>
					<string>9D7A8EE0D7BC2B39ADA73720</string>
					<string>5B0FE48863D3871258BA492A</string>
				</array>
				<key>isa</key>
				<string>PBXSourcesBuildPhase</string>
				<key>runOnlyForDeploymentPostprocessing</key>
				<string>0</string>
			</dict>
			<key>E4B69B590A3A1756003C02F2</key>
			<dict>
				<key>buildActionMask</key>
				<string>2147483647</string>
				<key>files</key>
				<array>
					<string>E4328149138ABC9F0047C5CB</string>
				</array>
				<key>isa</key>
				<string>PBXFrameworksBuildPhase</string>
				<key>runOnlyForDeploymentPostprocessing</key>
				<string>0</string>
			</dict>
			<key>E4B69B5A0A3A1756003C02F2</key>
			<dict>
				<key>buildConfigurationList</key>
				<string>E4B69B5F0A3A1757003C02F2</string>
				<key>buildPhases</key>
				<array>
					<string>E4B69B580A3A1756003C02F2</string>
					<string>E4B69B590A3A1756003C02F2</string>
					<string>E4B6FFFD0C3F9AB9008CF71C</string>
					<string>E4C2427710CC5ABF004149E2</string>
				</array>
				<key>buildRules</key>
				<array />
				<key>dependencies</key>
				<array>
					<string>E4EEB9AC138B136A00A80321</string>
				</array>
				<key>isa</key>
				<string>PBXNativeTarget</string>
				<key>name</key>
				<string>tuioPlayer</string>
				<key>productName</key>
				<string>myOFApp</string>
				<key>productReference</key>
				<string>E4B69B5B0A3A1756003C02F2</string>
				<key>productType</key>
				<string>com.apple.product-type.application</string>
			</dict>
			<key>E4B69B5B0A3A1756003C02F2</key>
			<dict>
				<key>explicitFileType</key>
				<string>wrapper.application</string>
				<key>includeInIndex</key>
				<string>0</string>
				<key>isa</key>
				<string>PBXFileReference</string>
				<key>path</key>
				<string>tuioPlayerDebug.app</string>
				<key>sourceTree</key>
				<string>BUILT_PRODUCTS_DIR</string>
			</dict>
			<key>E4B69B5F0A3A1757003C02F2</key>
			<dict>
				<key>buildConfigurations</key>
				<array>
					<string>E4B69B600A3A1757003C02F2</string>
					<string>E4B69B610A3A1757003C02F2</string>
				</array>
				<key>defaultConfigurationIsVisible</key>
				<string>0</string>
				<key>defaultConfigurationName</key>
				<string>Release</string>
				<key>isa</key>
				<string>XCConfigurationList</string>
			</dict>
			<key>E4B69B600A3A1757003C02F2</key>
			<dict>
				<key>baseConfigurationReference</key>
				<string>E4EB6923138AFD0F00A09F29</string>
				<key>buildSettings</key>
				<dict>
					<key>HEADER_SEARCH_PATHS</key>
					<array>
						<string>$(OF_CORE_HEADERS)</string>
						<string>src</string>
						<string>../../../addons\ofxGui/src</string>
						<string>../../../addons\ofxOsc/libs</string>
						<string>../../../addons\ofxOsc/libs\oscpack</string>
						<string>../../../addons\ofxOsc/libs\oscpack\src</string>
						<string>../../../addons\ofxOsc/libs\oscpack\src\ip</string>
						<string>../../../addons\ofxOsc/libs\oscpack\src\ip\posix</string>
						<string>../../../addons\ofxOsc/libs\oscpack\src\ip\win32</string>
						<string>../../../addons\ofxOsc/libs\oscpack\src\osc</string>
						<string>../../../addons\ofxOsc/src</string>
						<string>../../../addons\ofxTuio/src</string>
						<string>../../../addons\ofxXmlSettings/libs</string>
						<string>../../../addons\ofxXmlSettings/src</string>
					</array>
					<key>COMBINE_HIDPI_IMAGES</key>
					<string>YES</string>
					<key>COPY_PHASE_STRIP</key>
					<string>NO</string>
					<key>FRAMEWORK_SEARCH_PATHS</key>
					<array>
						<string>$(inherited)</string>
						<string>$(FRAMEWORK_SEARCH_PATHS_QUOTED_FOR_TARGET_1)</string>
					</array>
					<key>FRAMEWORK_SEARCH_PATHS_QUOTED_FOR_TARGET_1</key>
					<string>"$(SRCROOT)/../../../libs/glut/lib/osx"</string>
					<key>GCC_DYNAMIC_NO_PIC</key>
					<string>NO</string>
					<key>GCC_GENERATE_DEBUGGING_SYMBOLS</key>
					<string>YES</string>
					<key>GCC_MODEL_TUNING</key>
					<string>NONE</string>
					<key>ICON</key>
					<string>$(ICON_NAME_DEBUG)</string>
					<key>ICON_FILE</key>
					<string>$(ICON_FILE_PATH)$(ICON)</string>
					<key>INFOPLIST_FILE</key>
					<string>openFrameworks-Info.plist</string>
					<key>INSTALL_PATH</key>
					<string>/Applications</string>
					<key>LIBRARY_SEARCH_PATHS</key>
					<string>$(inherited)</string>
					<key>PRODUCT_NAME</key>
					<string>$(TARGET_NAME)Debug</string>
					<key>WRAPPER_EXTENSION</key>
					<string>app</string>
				</dict>
				<key>isa</key>
				<string>XCBuildConfiguration</string>
				<key>name</key>
				<string>Debug</string>
			</dict>
			<key>E4B69B610A3A1757003C02F2</key>
			<dict>
				<key>baseConfigurationReference</key>
				<string>E4EB6923138AFD0F00A09F29</string>
				<key>buildSettings</key>
				<dict>
					<key>HEADER_SEARCH_PATHS</key>
					<array>
						<string>$(OF_CORE_HEADERS)</string>
						<string>src</string>
						<string>../../../addons\ofxGui/src</string>
						<string>../../../addons\ofxOsc/libs</string>
						<string>../../../addons\ofxOsc/libs\oscpack</string>
						<string>../../../addons\ofxOsc/libs\oscpack\src</string>
						<string>../../../addons\ofxOsc/libs\oscpack\src\ip</string>
						<string>../../../addons\ofxOsc/libs\oscpack\src\ip\posix</string>
						<string>../../../addons\ofxOsc/libs\oscpack\src\ip\win32</string>
						<string>../../../addons\ofxOsc/libs\oscpack\src\osc</string>
						<string>../../../addons\ofxOsc/src</string>
						<string>../../../addons\ofxTuio/src</string>
						<string>../../../addons\ofxXmlSettings/libs</string>
						<string>../../../addons\ofxXmlSettings/src</string>
					</array>
					<key>COMBINE_HIDPI_IMAGES</key>
					<string>YES</string>
					<key>COPY_PHASE_STRIP</key>
					<string>YES</string>
					<key>FRAMEWORK_SEARCH_PATHS</key>
					<array>
						<string>$(inherited)</string>
						<string>$(FRAMEWORK_SEARCH_PATHS_QUOTED_FOR_TARGET_1)</string>
					</array>
					<key>FRAMEWORK_SEARCH_PATHS_QUOTED_FOR_TARGET_1</key>
					<string>"$(SRCROOT)/../../../libs/glut/lib/osx"</string>
					<key>GCC_GENERATE_DEBUGGING_SYMBOLS</key>
					<string>YES</string>
					<key>GCC_MODEL_TUNING</key>
					<string>NONE</string>
					<key>ICON</key>
					<string>$(ICON_NAME_RELEASE)</string>
					<key>ICON_FILE</key>
					<string>$(ICON_FILE_PATH)$(ICON)</string>
					<key>INFOPLIST_FILE</key>
					<string>openFrameworks-Info.plist</string>
					<key>INSTALL_PATH</key>
					<string>/Applications</string>
					<key>LIBRARY_SEARCH_PATHS</key>
					<string>$(inherited)</string>
					<key>PRODUCT_NAME</key>
					<string>$(TARGET_NAME)</string>
					<key>WRAPPER_EXTENSION</key>
					<string>app</string>
					<key>baseConfigurationReference</key>
					<string>E4EB6923138AFD0F00A09F29</string>
				</dict>
				<key>isa</key>
				<string>XCBuildConfiguration</string>
				<key>name</key>
				<string>Release</string>
			</dict>
			<key>E4B69E1C0A3A1BDC003C02F2</key>
			<dict>
				<key>children</key>
				<array>
					<string>E4B69E1D0A3A1BDC003C02F2</string>
					<string>E4B69E1E0A3A1BDC003C02F2</string>
					<string>E4B69E1F0A3A1BDC003C02F2</string>
					<string>0BC8C4FE0158A18092F89F8E</string>
					<string>F4EC735D3A6B6E781BEDB7D1</string>
					<string>C5318E5F59AB3E5B76827F50</string>
					<string>748806384878E87C4ACF759B</string>
					<string>32E0B81A0FC31D0B4E2BC6E7</string>
				</array>
				<key>isa</key>
				<string>PBXGroup</string>
				<key>path</key>
				<string>src</string>
				<key>sourceTree</key>
				<string>SOURCE_ROOT</string>
			</dict>
			<key>E4B69E1D0A3A1BDC003C02F2</key>
			<dict>
				<key>fileEncoding</key>
				<string>30</string>
				<key>isa</key>
				<string>PBXFileReference</string>
				<key>lastKnownFileType</key>
				<string>sourcecode.cpp.cpp</string>
				<key>name</key>
				<string>main.cpp</string>
				<key>path</key>
				<string>src/main.cpp</string>
				<key>sourceTree</key>
				<string>SOURCE_ROOT</string>
			</dict>
			<key>E4B69E1E0A3A1BDC003C02F2</key>
			<dict>
				<key>explicitFileType</key>
				<string>sourcecode.cpp.cpp</string>
				<key>fileEncoding</key>
				<string>30</string>
				<key>isa</key>
				<string>PBXFileReference</string>
				<key>name</key>
				<string>ofApp.cpp</string>
				<key>path</key>
				<string>src/ofApp.cpp</string>
				<key>sourceTree</key>
				<string>SOURCE_ROOT</string>
			</dict>
			<key>E4B69E1F0A3A1BDC003C02F2</key>
			<dict>
				<key>fileEncoding</key>
				<string>30</string>
				<key>isa</key>
				<string>PBXFileReference</string>
				<key>lastKnownFileType</key>
				<string>sourcecode.c.h</string>
				<key>name</key>
				<string>ofApp.h</string>
				<key>path</key>
				<string>src/ofApp.h</string>
				<key>sourceTree</key>
				<string>SOURCE_ROOT</string>
			</dict>
			<key>E4B69E200A3A1BDC003C02F2</key>
			<dict>
				<key>fileRef</key>
				<string>E4B69E1D0A3A1BDC003C02F2</string>
				<key>isa</key>
				<string>PBXBuildFile</string>
			</dict>
			<key>E4B69E210A3A1BDC003C02F2</key>
			<dict>
				<key>fileRef</key>
				<string>E4B69E1E0A3A1BDC003C02F2</string>
				<key>isa</key>
				<string>PBXBuildFile</string>
			</dict>
			<key>E4B6FCAD0C3E899E008CF71C</key>
			<dict>
				<key>fileEncoding</key>
				<string>30</string>
				<key>isa</key>
				<string>PBXFileReference</string>
				<key>lastKnownFileType</key>
				<string>text.plist.xml</string>
				<key>path</key>
				<string>openFrameworks-Info.plist</string>
				<key>sourceTree</key>
				<string>&lt;group&gt;</string>
			</dict>
			<key>E4B6FFFD0C3F9AB9008CF71C</key>
			<dict>
				<key>buildActionMask</key>
				<string>2147483647</string>
				<key>files</key>
				<array />
				<key>inputPaths</key>
				<array />
				<key>isa</key>
				<string>PBXShellScriptBuildPhase</string>
				<key>outputPaths</key>
				<array />
				<key>runOnlyForDeploymentPostprocessing</key>
				<string>0</string>
				<key>shellPath</key>
				<string>/bin/sh</string>
				<key>shellScript</key>
				<string>mkdir -p "$TARGET_BUILD_DIR/$PRODUCT_NAME.app/Contents/Resources/"
# Copy default icon file into App/Resources
rsync -aved "$ICON_FILE" "$TARGET_BUILD_DIR/$PRODUCT_NAME.app/Contents/Resources/"
# Copy libfmod and change install directory for fmod to run
rsync -aved ../../../libs/fmodex/lib/osx/libfmodex.dylib "$TARGET_BUILD_DIR/$PRODUCT_NAME.app/Contents/Frameworks/";
install_name_tool -change @executable_path/libfmodex.dylib @executable_path/../Frameworks/libfmodex.dylib "$TARGET_BUILD_DIR/$PRODUCT_NAME.app/Contents/MacOS/$PRODUCT_NAME";
# Copy GLUT framework (must remove for AppStore submissions)
rsync -aved ../../../libs/glut/lib/osx/GLUT.framework "$TARGET_BUILD_DIR/$PRODUCT_NAME.app/Contents/Frameworks/"
</string>
			</dict>
			<key>E4C2427710CC5ABF004149E2</key>
			<dict>
				<key>buildActionMask</key>
				<string>2147483647</string>
				<key>dstPath</key>
				<string />
				<key>dstSubfolderSpec</key>
				<string>10</string>
				<key>files</key>
				<array />
				<key>isa</key>
				<string>PBXCopyFilesBuildPhase</string>
				<key>runOnlyForDeploymentPostprocessing</key>
				<string>0</string>
			</dict>
			<key>E4EB691F138AFCF100A09F29</key>
			<dict>
				<key>fileEncoding</key>
				<string>4</string>
				<key>isa</key>
				<string>PBXFileReference</string>
				<key>lastKnownFileType</key>
				<string>text.xcconfig</string>
				<key>name</key>
				<string>CoreOF.xcconfig</string>
				<key>path</key>
				<string>../../../libs/openFrameworksCompiled/project/osx/CoreOF.xcconfig</string>
				<key>sourceTree</key>
				<string>SOURCE_ROOT</string>
			</dict>
			<key>E4EB6923138AFD0F00A09F29</key>
			<dict>
				<key>fileEncoding</key>
				<string>4</string>
				<key>isa</key>
				<string>PBXFileReference</string>
				<key>lastKnownFileType</key>
				<string>text.xcconfig</string>
				<key>path</key>
				<string>Project.xcconfig</string>
				<key>sourceTree</key>
				<string>&lt;group&gt;</string>
			</dict>
			<key>E4EEB9AB138B136A00A80321</key>
			<dict>
				<key>containerPortal</key>
				<string>E4328143138ABC890047C5CB</string>
				<key>isa</key>
				<string>PBXContainerItemProxy</string>
				<key>proxyType</key>
				<string>1</string>
				<key>remoteGlobalIDString</key>
				<string>E4B27C1410CBEB8E00536013</string>
				<key>remoteInfo</key>
				<string>openFrameworks</string>
			</dict>
			<key>E4EEB9AC138B136A00A80321</key>
			<dict>
				<key>isa</key>
				<string>PBXTargetDependency</string>
				<key>name</key>
				<string>openFrameworks</string>
				<key>targetProxy</key>
				<string>E4EEB9AB138B136A00A80321</string>
			</dict>
			<key>E4EEC9E9138DF44700A80321</key>
			<dict>
				<key>children</key>
				<array>
					<string>E4EB691F138AFCF100A09F29</string>
					<string>E4328143138ABC890047C5CB</string>
				</array>
				<key>isa</key>
				<string>PBXGroup</string>
				<key>name</key>
				<string>openFrameworks</string>
				<key>sourceTree</key>
				<string>&lt;group&gt;</string>
			</dict>
		</dict>
		<key>rootObject</key>
		<string>E4B69B4C0A3A1720003C02F2</string>
	</dict>
</plist>
